
Microsoft Visual Studio Solution File, Format Version 12.00
# Visual Studio Version 16
VisualStudioVersion = 16.0.32002.261
MinimumVisualStudioVersion = 10.0.40219.1
Project("{FAE04EC0-301F-11D3-BF4B-00C04F79EFBC}") = "DOTW", "DOTW.csproj", "{D91008FC-2EED-453E-B52D-F025C7E1B460}"
EndProject
Global
	GlobalSection(SolutionConfigurationPlatforms) = preSolution
		Debug|Any CPU = Debug|Any CPU
		Release|Any CPU = Release|Any CPU
	EndGlobalSection
	GlobalSection(ProjectConfigurationPlatforms) = postSolution
		{D91008FC-2EED-453E-B52D-F025C7E1B460}.Debug|Any CPU.ActiveCfg = Debug|Any CPU
		{D91008FC-2EED-453E-B52D-F025C7E1B460}.Debug|Any CPU.Build.0 = Debug|Any CPU
		{D91008FC-2EED-453E-B52D-F025C7E1B460}.Release|Any CPU.ActiveCfg = Release|Any CPU
		{D91008FC-2EED-453E-B52D-F025C7E1B460}.Release|Any CPU.Build.0 = Release|Any CPU
	EndGlobalSection
	GlobalSection(SolutionProperties) = preSolution
		HideSolutionNode = FALSE
	EndGlobalSection
	GlobalSection(ExtensibilityGlobals) = postSolution
		SolutionGuid = {DB819209-C90E-4FC2-B3FE-A5AC62802B12}
	EndGlobalSection
EndGlobal
